
Microsoft Visual Studio Solution File, Format Version 12.00
# Visual Studio 2015
Project("{FAE04EC0-301F-11D3-BF4B-00C04F79EFBC}") = "VRSphere.CSharp", "VRSphere.CSharp.csproj", "{FE7B3B81-8766-337D-CE37-ED6AE44AFFDE}"
EndProject
Global
	GlobalSection(SolutionConfigurationPlatforms) = preSolution
		Debug|Any CPU = Debug|Any CPU
		Release|Any CPU = Release|Any CPU
	EndGlobalSection
	GlobalSection(ProjectConfigurationPlatforms) = postSolution
		{FE7B3B81-8766-337D-CE37-ED6AE44AFFDE}.Debug|Any CPU.ActiveCfg = Debug|Any CPU
		{FE7B3B81-8766-337D-CE37-ED6AE44AFFDE}.Debug|Any CPU.Build.0 = Debug|Any CPU
		{FE7B3B81-8766-337D-CE37-ED6AE44AFFDE}.Release|Any CPU.ActiveCfg = Release|Any CPU
		{FE7B3B81-8766-337D-CE37-ED6AE44AFFDE}.Release|Any CPU.Build.0 = Release|Any CPU
	EndGlobalSection
	GlobalSection(SolutionProperties) = preSolution
		HideSolutionNode = FALSE
	EndGlobalSection
EndGlobal
